
Microsoft Visual Studio Solution File, Format Version 12.00
# Visual Studio 15
VisualStudioVersion = 15.0.26430.12
MinimumVisualStudioVersion = 10.0.40219.1
Project("{8BC9CEB8-8B4A-11D0-8D11-00A0C91BC942}") = "02.HelloWorld", "02.HelloWorld\02.HelloWorld.vcxproj", "{5188D796-3C99-4C7A-BA1D-81739F98875F}"
EndProject
Project("{8BC9CEB8-8B4A-11D0-8D11-00A0C91BC942}") = "03.Operator1", "03.Operator1\03.Operator1.vcxproj", "{DEB22A8A-F1C8-424D-95BF-D1D65C7B8254}"
EndProject
Global
	GlobalSection(SolutionConfigurationPlatforms) = preSolution
		Debug|x64 = Debug|x64
		Debug|x86 = Debug|x86
		Release|x64 = Release|x64
		Release|x86 = Release|x86
	EndGlobalSection
	GlobalSection(ProjectConfigurationPlatforms) = postSolution
		{5188D796-3C99-4C7A-BA1D-81739F98875F}.Debug|x64.ActiveCfg = Debug|x64
		{5188D796-3C99-4C7A-BA1D-81739F98875F}.Debug|x64.Build.0 = Debug|x64
		{5188D796-3C99-4C7A-BA1D-81739F98875F}.Debug|x86.ActiveCfg = Debug|Win32
		{5188D796-3C99-4C7A-BA1D-81739F98875F}.Debug|x86.Build.0 = Debug|Win32
		{5188D796-3C99-4C7A-BA1D-81739F98875F}.Release|x64.ActiveCfg = Release|x64
		{5188D796-3C99-4C7A-BA1D-81739F98875F}.Release|x64.Build.0 = Release|x64
		{5188D796-3C99-4C7A-BA1D-81739F98875F}.Release|x86.ActiveCfg = Release|Win32
		{5188D796-3C99-4C7A-BA1D-81739F98875F}.Release|x86.Build.0 = Release|Win32
		{DEB22A8A-F1C8-424D-95BF-D1D65C7B8254}.Debug|x64.ActiveCfg = Debug|x64
		{DEB22A8A-F1C8-424D-95BF-D1D65C7B8254}.Debug|x64.Build.0 = Debug|x64
		{DEB22A8A-F1C8-424D-95BF-D1D65C7B8254}.Debug|x86.ActiveCfg = Debug|Win32
		{DEB22A8A-F1C8-424D-95BF-D1D65C7B8254}.Debug|x86.Build.0 = Debug|Win32
		{DEB22A8A-F1C8-424D-95BF-D1D65C7B8254}.Release|x64.ActiveCfg = Release|x64
		{DEB22A8A-F1C8-424D-95BF-D1D65C7B8254}.Release|x64.Build.0 = Release|x64
		{DEB22A8A-F1C8-424D-95BF-D1D65C7B8254}.Release|x86.ActiveCfg = Release|Win32
		{DEB22A8A-F1C8-424D-95BF-D1D65C7B8254}.Release|x86.Build.0 = Release|Win32
	EndGlobalSection
	GlobalSection(SolutionProperties) = preSolution
		HideSolutionNode = FALSE
	EndGlobalSection
EndGlobal
